
Microsoft Visual Studio Solution File, Format Version 12.00
# Visual Studio Version 16
VisualStudioVersion = 16.0.29102.190
MinimumVisualStudioVersion = 10.0.40219.1
Project("{2150E333-8FDC-42A3-9474-1A3956D46DE8}") = "src", "src", "{C80543F3-648E-4D63-8340-D1B47D3131C8}"
EndProject
Project("{2150E333-8FDC-42A3-9474-1A3956D46DE8}") = "tests", "tests", "{060B2CDE-6D52-42CE-A815-70B702D7E703}"
EndProject
Project("{9A19103F-16F7-4668-BE54-9A1E7A4F7556}") = "Alura.LeilaoOnline.Core", "Alura.LeilaoOnline.Core\Alura.LeilaoOnline.Core.csproj", "{763A3325-505E-438C-8436-CD7F335D5001}"
EndProject
Project("{FAE04EC0-301F-11D3-BF4B-00C04F79EFBC}") = "Alura.LeilaoOnline.ConsoleApp", "Alura.LeilaoOnline.ConsoleApp\Alura.LeilaoOnline.ConsoleApp.csproj", "{EDD4FFED-8910-484F-809D-4A67DB453D5C}"
EndProject
Project("{FAE04EC0-301F-11D3-BF4B-00C04F79EFBC}") = "Alura.LeilaoOnline.Tests", "Alura.LeilaoOnline.Tests\Alura.LeilaoOnline.Tests.csproj", "{290681B4-9A94-4DEF-AF78-FDB263CE45B5}"
EndProject
Global
	GlobalSection(SolutionConfigurationPlatforms) = preSolution
		Debug|Any CPU = Debug|Any CPU
		Release|Any CPU = Release|Any CPU
	EndGlobalSection
	GlobalSection(ProjectConfigurationPlatforms) = postSolution
		{763A3325-505E-438C-8436-CD7F335D5001}.Debug|Any CPU.ActiveCfg = Debug|Any CPU
		{763A3325-505E-438C-8436-CD7F335D5001}.Debug|Any CPU.Build.0 = Debug|Any CPU
		{763A3325-505E-438C-8436-CD7F335D5001}.Release|Any CPU.ActiveCfg = Release|Any CPU
		{763A3325-505E-438C-8436-CD7F335D5001}.Release|Any CPU.Build.0 = Release|Any CPU
		{EDD4FFED-8910-484F-809D-4A67DB453D5C}.Debug|Any CPU.ActiveCfg = Debug|Any CPU
		{EDD4FFED-8910-484F-809D-4A67DB453D5C}.Debug|Any CPU.Build.0 = Debug|Any CPU
		{EDD4FFED-8910-484F-809D-4A67DB453D5C}.Release|Any CPU.ActiveCfg = Release|Any CPU
		{EDD4FFED-8910-484F-809D-4A67DB453D5C}.Release|Any CPU.Build.0 = Release|Any CPU
		{290681B4-9A94-4DEF-AF78-FDB263CE45B5}.Debug|Any CPU.ActiveCfg = Debug|Any CPU
		{290681B4-9A94-4DEF-AF78-FDB263CE45B5}.Debug|Any CPU.Build.0 = Debug|Any CPU
		{290681B4-9A94-4DEF-AF78-FDB263CE45B5}.Release|Any CPU.ActiveCfg = Release|Any CPU
		{290681B4-9A94-4DEF-AF78-FDB263CE45B5}.Release|Any CPU.Build.0 = Release|Any CPU
	EndGlobalSection
	GlobalSection(SolutionProperties) = preSolution
		HideSolutionNode = FALSE
	EndGlobalSection
	GlobalSection(NestedProjects) = preSolution
		{763A3325-505E-438C-8436-CD7F335D5001} = {C80543F3-648E-4D63-8340-D1B47D3131C8}
		{EDD4FFED-8910-484F-809D-4A67DB453D5C} = {060B2CDE-6D52-42CE-A815-70B702D7E703}
		{290681B4-9A94-4DEF-AF78-FDB263CE45B5} = {060B2CDE-6D52-42CE-A815-70B702D7E703}
	EndGlobalSection
	GlobalSection(ExtensibilityGlobals) = postSolution
		SolutionGuid = {F047DFFC-5A65-4C77-AB55-BBAE424F4A7D}
	EndGlobalSection
EndGlobal
