
Microsoft Visual Studio Solution File, Format Version 12.00
# Visual Studio Version 16
VisualStudioVersion = 16.0.29102.190
MinimumVisualStudioVersion = 10.0.40219.1
Project("{2150E333-8FDC-42A3-9474-1A3956D46DE8}") = "Item00 - Projeto Inicial", "Item00 - Projeto Inicial", "{ED273BE1-670E-4270-8E58-5FC072E74608}"
EndProject
Project("{2150E333-8FDC-42A3-9474-1A3956D46DE8}") = "Item01 - Instalando ASP.NET Core Identity", "Item01 - Instalando ASP.NET Core Identity", "{A89565DF-9CF7-4DA3-9E58-ADD9820E8B36}"
EndProject
Project("{2150E333-8FDC-42A3-9474-1A3956D46DE8}") = "Item02 - Integrando ao Projeto", "Item02 - Integrando ao Projeto", "{7CCFF54F-52E5-479A-8308-91340218BF2D}"
EndProject
Project("{2150E333-8FDC-42A3-9474-1A3956D46DE8}") = "Item03 - Obtendo Dados do Usuário Logado", "Item03 - Obtendo Dados do Usuário Logado", "{984BAEE3-0197-4725-B192-6E67912C0693}"
EndProject
Project("{2150E333-8FDC-42A3-9474-1A3956D46DE8}") = "Item04 - Usando Id do Usuário no Pedido", "Item04 - Usando Id do Usuário no Pedido", "{005A785D-1E8E-460A-A59C-F613A4BC972A}"
EndProject
Project("{2150E333-8FDC-42A3-9474-1A3956D46DE8}") = "Item05 - Fazendo Login Externo", "Item05 - Fazendo Login Externo", "{7B4D7843-76A0-42E7-96B1-CF8DC79A394D}"
EndProject
Project("{2150E333-8FDC-42A3-9474-1A3956D46DE8}") = "DEPOIS - MATERIAL DO INSTRUTOR", "DEPOIS - MATERIAL DO INSTRUTOR", "{5348DA2C-EC37-40B4-8E3D-F8A805AEF779}"
EndProject
Project("{2150E333-8FDC-42A3-9474-1A3956D46DE8}") = "ANTES - MATERIAL DO ALUNO", "ANTES - MATERIAL DO ALUNO", "{642D1D7B-D13B-4C3C-878F-CEF58A9AF0BD}"
EndProject
Project("{2150E333-8FDC-42A3-9474-1A3956D46DE8}") = "Item00 - Projeto Inicial", "Item00 - Projeto Inicial", "{56669925-D333-4B4C-BA64-09D796D62947}"
EndProject
Project("{2150E333-8FDC-42A3-9474-1A3956D46DE8}") = "Item01 - Instalando ASP.NET Core Identity", "Item01 - Instalando ASP.NET Core Identity", "{474D0B6A-5800-41C5-93F3-BE8336759162}"
EndProject
Project("{2150E333-8FDC-42A3-9474-1A3956D46DE8}") = "Item02 - Integrando ao Projeto", "Item02 - Integrando ao Projeto", "{EA09FA2D-1DA2-4B9F-8E52-7C55AE6B0C77}"
EndProject
Project("{2150E333-8FDC-42A3-9474-1A3956D46DE8}") = "Item03 - Obtendo Dados do Usuário Logado", "Item03 - Obtendo Dados do Usuário Logado", "{E6075B44-A40D-48FE-AE0B-658061998780}"
EndProject
Project("{2150E333-8FDC-42A3-9474-1A3956D46DE8}") = "Item04 - Usando Id do Usuário no Pedido", "Item04 - Usando Id do Usuário no Pedido", "{CC89447F-89DD-4EF0-976A-073C4A75AAA1}"
EndProject
Project("{9A19103F-16F7-4668-BE54-9A1E7A4F7556}") = "CasaDoCodigo.MVC", "depois\Item00\CasaDoCodigo\CasaDoCodigo.MVC.csproj", "{5C59BFB7-3C52-47AE-B33B-C7810C8BB41B}"
EndProject
Project("{9A19103F-16F7-4668-BE54-9A1E7A4F7556}") = "CasaDoCodigo.MVC", "depois\Item01\CasaDoCodigo\CasaDoCodigo.MVC.csproj", "{47DC37F2-4E52-4EE5-A6A7-FF7BC394EFF1}"
EndProject
Project("{9A19103F-16F7-4668-BE54-9A1E7A4F7556}") = "CasaDoCodigo.MVC", "depois\Item02\CasaDoCodigo\CasaDoCodigo.MVC.csproj", "{AD3F459F-CFCB-4C0E-A223-A00A542C5866}"
EndProject
Project("{9A19103F-16F7-4668-BE54-9A1E7A4F7556}") = "CasaDoCodigo.MVC", "depois\Item03\CasaDoCodigo\CasaDoCodigo.MVC.csproj", "{45A23E0E-E2D2-4655-9C22-9DF1EAE8D956}"
EndProject
Project("{9A19103F-16F7-4668-BE54-9A1E7A4F7556}") = "CasaDoCodigo.MVC", "depois\Item04\CasaDoCodigo\CasaDoCodigo.MVC.csproj", "{40A98C7A-DEEC-4366-BD42-1652879E9454}"
EndProject
Project("{9A19103F-16F7-4668-BE54-9A1E7A4F7556}") = "CasaDoCodigo.MVC", "depois\Item05\CasaDoCodigo\CasaDoCodigo.MVC.csproj", "{FCF436A5-7126-43E1-A94E-18ED0B5A9F76}"
EndProject
Project("{9A19103F-16F7-4668-BE54-9A1E7A4F7556}") = "CasaDoCodigo.MVC", "antes\Item00\CasaDoCodigo\CasaDoCodigo.MVC.csproj", "{B5EA3A80-0468-4B4F-8BA6-BCC24AB4387E}"
EndProject
Project("{9A19103F-16F7-4668-BE54-9A1E7A4F7556}") = "CasaDoCodigo.MVC", "antes\Item01\CasaDoCodigo\CasaDoCodigo.MVC.csproj", "{9811934C-6517-45DE-8C58-6B3099E8BFDC}"
EndProject
Project("{9A19103F-16F7-4668-BE54-9A1E7A4F7556}") = "CasaDoCodigo.MVC", "antes\Item02\CasaDoCodigo\CasaDoCodigo.MVC.csproj", "{993B65BA-04E5-45D1-8248-B8FBA991491D}"
EndProject
Project("{9A19103F-16F7-4668-BE54-9A1E7A4F7556}") = "CasaDoCodigo.MVC", "antes\Item03\CasaDoCodigo\CasaDoCodigo.MVC.csproj", "{004DED0E-48BF-4366-88D6-284B6F4E6423}"
EndProject
Project("{9A19103F-16F7-4668-BE54-9A1E7A4F7556}") = "CasaDoCodigo.MVC", "antes\Item04\CasaDoCodigo\CasaDoCodigo.MVC.csproj", "{9EC6E197-F9FD-4F4A-90D4-C963ED235F48}"
EndProject
Global
	GlobalSection(SolutionConfigurationPlatforms) = preSolution
		Debug|Any CPU = Debug|Any CPU
		Release|Any CPU = Release|Any CPU
	EndGlobalSection
	GlobalSection(ProjectConfigurationPlatforms) = postSolution
		{5C59BFB7-3C52-47AE-B33B-C7810C8BB41B}.Debug|Any CPU.ActiveCfg = Debug|Any CPU
		{5C59BFB7-3C52-47AE-B33B-C7810C8BB41B}.Debug|Any CPU.Build.0 = Debug|Any CPU
		{5C59BFB7-3C52-47AE-B33B-C7810C8BB41B}.Release|Any CPU.ActiveCfg = Release|Any CPU
		{5C59BFB7-3C52-47AE-B33B-C7810C8BB41B}.Release|Any CPU.Build.0 = Release|Any CPU
		{47DC37F2-4E52-4EE5-A6A7-FF7BC394EFF1}.Debug|Any CPU.ActiveCfg = Debug|Any CPU
		{47DC37F2-4E52-4EE5-A6A7-FF7BC394EFF1}.Debug|Any CPU.Build.0 = Debug|Any CPU
		{47DC37F2-4E52-4EE5-A6A7-FF7BC394EFF1}.Release|Any CPU.ActiveCfg = Release|Any CPU
		{47DC37F2-4E52-4EE5-A6A7-FF7BC394EFF1}.Release|Any CPU.Build.0 = Release|Any CPU
		{AD3F459F-CFCB-4C0E-A223-A00A542C5866}.Debug|Any CPU.ActiveCfg = Debug|Any CPU
		{AD3F459F-CFCB-4C0E-A223-A00A542C5866}.Debug|Any CPU.Build.0 = Debug|Any CPU
		{AD3F459F-CFCB-4C0E-A223-A00A542C5866}.Release|Any CPU.ActiveCfg = Release|Any CPU
		{AD3F459F-CFCB-4C0E-A223-A00A542C5866}.Release|Any CPU.Build.0 = Release|Any CPU
		{45A23E0E-E2D2-4655-9C22-9DF1EAE8D956}.Debug|Any CPU.ActiveCfg = Debug|Any CPU
		{45A23E0E-E2D2-4655-9C22-9DF1EAE8D956}.Debug|Any CPU.Build.0 = Debug|Any CPU
		{45A23E0E-E2D2-4655-9C22-9DF1EAE8D956}.Release|Any CPU.ActiveCfg = Release|Any CPU
		{45A23E0E-E2D2-4655-9C22-9DF1EAE8D956}.Release|Any CPU.Build.0 = Release|Any CPU
		{40A98C7A-DEEC-4366-BD42-1652879E9454}.Debug|Any CPU.ActiveCfg = Debug|Any CPU
		{40A98C7A-DEEC-4366-BD42-1652879E9454}.Debug|Any CPU.Build.0 = Debug|Any CPU
		{40A98C7A-DEEC-4366-BD42-1652879E9454}.Release|Any CPU.ActiveCfg = Release|Any CPU
		{40A98C7A-DEEC-4366-BD42-1652879E9454}.Release|Any CPU.Build.0 = Release|Any CPU
		{FCF436A5-7126-43E1-A94E-18ED0B5A9F76}.Debug|Any CPU.ActiveCfg = Debug|Any CPU
		{FCF436A5-7126-43E1-A94E-18ED0B5A9F76}.Debug|Any CPU.Build.0 = Debug|Any CPU
		{FCF436A5-7126-43E1-A94E-18ED0B5A9F76}.Release|Any CPU.ActiveCfg = Release|Any CPU
		{FCF436A5-7126-43E1-A94E-18ED0B5A9F76}.Release|Any CPU.Build.0 = Release|Any CPU
		{B5EA3A80-0468-4B4F-8BA6-BCC24AB4387E}.Debug|Any CPU.ActiveCfg = Debug|Any CPU
		{B5EA3A80-0468-4B4F-8BA6-BCC24AB4387E}.Debug|Any CPU.Build.0 = Debug|Any CPU
		{B5EA3A80-0468-4B4F-8BA6-BCC24AB4387E}.Release|Any CPU.ActiveCfg = Release|Any CPU
		{B5EA3A80-0468-4B4F-8BA6-BCC24AB4387E}.Release|Any CPU.Build.0 = Release|Any CPU
		{9811934C-6517-45DE-8C58-6B3099E8BFDC}.Debug|Any CPU.ActiveCfg = Debug|Any CPU
		{9811934C-6517-45DE-8C58-6B3099E8BFDC}.Debug|Any CPU.Build.0 = Debug|Any CPU
		{9811934C-6517-45DE-8C58-6B3099E8BFDC}.Release|Any CPU.ActiveCfg = Release|Any CPU
		{9811934C-6517-45DE-8C58-6B3099E8BFDC}.Release|Any CPU.Build.0 = Release|Any CPU
		{993B65BA-04E5-45D1-8248-B8FBA991491D}.Debug|Any CPU.ActiveCfg = Debug|Any CPU
		{993B65BA-04E5-45D1-8248-B8FBA991491D}.Debug|Any CPU.Build.0 = Debug|Any CPU
		{993B65BA-04E5-45D1-8248-B8FBA991491D}.Release|Any CPU.ActiveCfg = Release|Any CPU
		{993B65BA-04E5-45D1-8248-B8FBA991491D}.Release|Any CPU.Build.0 = Release|Any CPU
		{004DED0E-48BF-4366-88D6-284B6F4E6423}.Debug|Any CPU.ActiveCfg = Debug|Any CPU
		{004DED0E-48BF-4366-88D6-284B6F4E6423}.Debug|Any CPU.Build.0 = Debug|Any CPU
		{004DED0E-48BF-4366-88D6-284B6F4E6423}.Release|Any CPU.ActiveCfg = Release|Any CPU
		{004DED0E-48BF-4366-88D6-284B6F4E6423}.Release|Any CPU.Build.0 = Release|Any CPU
		{9EC6E197-F9FD-4F4A-90D4-C963ED235F48}.Debug|Any CPU.ActiveCfg = Debug|Any CPU
		{9EC6E197-F9FD-4F4A-90D4-C963ED235F48}.Debug|Any CPU.Build.0 = Debug|Any CPU
		{9EC6E197-F9FD-4F4A-90D4-C963ED235F48}.Release|Any CPU.ActiveCfg = Release|Any CPU
		{9EC6E197-F9FD-4F4A-90D4-C963ED235F48}.Release|Any CPU.Build.0 = Release|Any CPU
	EndGlobalSection
	GlobalSection(SolutionProperties) = preSolution
		HideSolutionNode = FALSE
	EndGlobalSection
	GlobalSection(NestedProjects) = preSolution
		{ED273BE1-670E-4270-8E58-5FC072E74608} = {5348DA2C-EC37-40B4-8E3D-F8A805AEF779}
		{A89565DF-9CF7-4DA3-9E58-ADD9820E8B36} = {5348DA2C-EC37-40B4-8E3D-F8A805AEF779}
		{7CCFF54F-52E5-479A-8308-91340218BF2D} = {5348DA2C-EC37-40B4-8E3D-F8A805AEF779}
		{984BAEE3-0197-4725-B192-6E67912C0693} = {5348DA2C-EC37-40B4-8E3D-F8A805AEF779}
		{005A785D-1E8E-460A-A59C-F613A4BC972A} = {5348DA2C-EC37-40B4-8E3D-F8A805AEF779}
		{7B4D7843-76A0-42E7-96B1-CF8DC79A394D} = {5348DA2C-EC37-40B4-8E3D-F8A805AEF779}
		{56669925-D333-4B4C-BA64-09D796D62947} = {642D1D7B-D13B-4C3C-878F-CEF58A9AF0BD}
		{474D0B6A-5800-41C5-93F3-BE8336759162} = {642D1D7B-D13B-4C3C-878F-CEF58A9AF0BD}
		{EA09FA2D-1DA2-4B9F-8E52-7C55AE6B0C77} = {642D1D7B-D13B-4C3C-878F-CEF58A9AF0BD}
		{E6075B44-A40D-48FE-AE0B-658061998780} = {642D1D7B-D13B-4C3C-878F-CEF58A9AF0BD}
		{CC89447F-89DD-4EF0-976A-073C4A75AAA1} = {642D1D7B-D13B-4C3C-878F-CEF58A9AF0BD}
		{5C59BFB7-3C52-47AE-B33B-C7810C8BB41B} = {ED273BE1-670E-4270-8E58-5FC072E74608}
		{47DC37F2-4E52-4EE5-A6A7-FF7BC394EFF1} = {A89565DF-9CF7-4DA3-9E58-ADD9820E8B36}
		{AD3F459F-CFCB-4C0E-A223-A00A542C5866} = {7CCFF54F-52E5-479A-8308-91340218BF2D}
		{45A23E0E-E2D2-4655-9C22-9DF1EAE8D956} = {984BAEE3-0197-4725-B192-6E67912C0693}
		{40A98C7A-DEEC-4366-BD42-1652879E9454} = {005A785D-1E8E-460A-A59C-F613A4BC972A}
		{FCF436A5-7126-43E1-A94E-18ED0B5A9F76} = {7B4D7843-76A0-42E7-96B1-CF8DC79A394D}
		{B5EA3A80-0468-4B4F-8BA6-BCC24AB4387E} = {56669925-D333-4B4C-BA64-09D796D62947}
		{9811934C-6517-45DE-8C58-6B3099E8BFDC} = {474D0B6A-5800-41C5-93F3-BE8336759162}
		{993B65BA-04E5-45D1-8248-B8FBA991491D} = {EA09FA2D-1DA2-4B9F-8E52-7C55AE6B0C77}
		{004DED0E-48BF-4366-88D6-284B6F4E6423} = {E6075B44-A40D-48FE-AE0B-658061998780}
		{9EC6E197-F9FD-4F4A-90D4-C963ED235F48} = {CC89447F-89DD-4EF0-976A-073C4A75AAA1}
	EndGlobalSection
	GlobalSection(ExtensibilityGlobals) = postSolution
		SolutionGuid = {E6252B83-4D85-46E0-9FC0-818D66E88BF6}
	EndGlobalSection
EndGlobal
