
Microsoft Visual Studio Solution File, Format Version 12.00
# Visual Studio Version 16
VisualStudioVersion = 16.0.29102.190
MinimumVisualStudioVersion = 10.0.40219.1
Project("{2150E333-8FDC-42A3-9474-1A3956D46DE8}") = "Item01 - Criando Web API de Relatório", "Item01 - Criando Web API de Relatório", "{89428584-1848-4595-8429-B24EDC7BA556}"
EndProject
Project("{9A19103F-16F7-4668-BE54-9A1E7A4F7556}") = "CasaDoCodigo.MVC", "depois\Item01\CasaDoCodigo\CasaDoCodigo.MVC.csproj", "{4B651F50-D0A2-49F9-95A5-92AE57F48B60}"
EndProject
Project("{9A19103F-16F7-4668-BE54-9A1E7A4F7556}") = "CasaDoCodigo.RelatorioWebAPI", "depois\Item01\CasaDoCodigo.RelatorioWebAPI\CasaDoCodigo.RelatorioWebAPI.csproj", "{E5C38A01-83CD-4711-A9F7-D04F81196F05}"
EndProject
Project("{2150E333-8FDC-42A3-9474-1A3956D46DE8}") = "Item02 - Consumindo Web API de Relatório", "Item02 - Consumindo Web API de Relatório", "{BD35912A-15A1-4359-B260-900E27FBAF35}"
EndProject
Project("{9A19103F-16F7-4668-BE54-9A1E7A4F7556}") = "CasaDoCodigo.MVC", "depois\Item02\CasaDoCodigo\CasaDoCodigo.MVC.csproj", "{95869983-D15E-4CA3-AD7F-B4C59B44D203}"
EndProject
Project("{9A19103F-16F7-4668-BE54-9A1E7A4F7556}") = "CasaDoCodigo.RelatorioWebAPI", "depois\Item02\CasaDoCodigo.RelatorioWebAPI\CasaDoCodigo.RelatorioWebAPI.csproj", "{37B61B46-A00C-4F5F-A705-1113292B090C}"
EndProject
Project("{2150E333-8FDC-42A3-9474-1A3956D46DE8}") = "Item03 - Criando e Executando Projeto IdentityServer4", "Item03 - Criando e Executando Projeto IdentityServer4", "{1011935B-1B39-45C6-8C87-18269C37A573}"
EndProject
Project("{9A19103F-16F7-4668-BE54-9A1E7A4F7556}") = "CasaDoCodigo.MVC", "depois\Item03\CasaDoCodigo\CasaDoCodigo.MVC.csproj", "{0A3220D1-F333-4B14-9C9B-D9554E5B8919}"
EndProject
Project("{9A19103F-16F7-4668-BE54-9A1E7A4F7556}") = "CasaDoCodigo.RelatorioWebAPI", "depois\Item03\CasaDoCodigo.RelatorioWebAPI\CasaDoCodigo.RelatorioWebAPI.csproj", "{DDDDC501-5B52-4607-8CF9-EB37387D3A9F}"
EndProject
Project("{9A19103F-16F7-4668-BE54-9A1E7A4F7556}") = "CasaDoCodigo.IdentityServer", "depois\Item03\CasaDoCodigo.IdentityServer\CasaDoCodigo.IdentityServer.csproj", "{04AB4B2E-ABA0-41AB-9756-7F5C7B20A291}"
EndProject
Project("{2150E333-8FDC-42A3-9474-1A3956D46DE8}") = "Item04 - Configurando IdentityServer + Cliente MVC", "Item04 - Configurando IdentityServer + Cliente MVC", "{87CE4367-779E-4EBE-BE68-0ADB72E6A84E}"
EndProject
Project("{9A19103F-16F7-4668-BE54-9A1E7A4F7556}") = "CasaDoCodigo.MVC", "depois\Item04\CasaDoCodigo\CasaDoCodigo.MVC.csproj", "{01279083-357B-486B-A59B-DF1547252700}"
EndProject
Project("{9A19103F-16F7-4668-BE54-9A1E7A4F7556}") = "CasaDoCodigo.IdentityServer", "depois\Item04\CasaDoCodigo.IdentityServer\CasaDoCodigo.IdentityServer.csproj", "{3094B713-FF64-49D2-B30D-2617F71ADC69}"
EndProject
Project("{9A19103F-16F7-4668-BE54-9A1E7A4F7556}") = "CasaDoCodigo.RelatorioWebAPI", "depois\Item04\CasaDoCodigo.RelatorioWebAPI\CasaDoCodigo.RelatorioWebAPI.csproj", "{9E725899-ED8E-4181-A4A7-AE49FA9D499A}"
EndProject
Project("{2150E333-8FDC-42A3-9474-1A3956D46DE8}") = "Item05 - Acessando Dados do Usuário", "Item05 - Acessando Dados do Usuário", "{F8A010CA-5B2E-4527-A75B-EEFC3E92412A}"
EndProject
Project("{9A19103F-16F7-4668-BE54-9A1E7A4F7556}") = "CasaDoCodigo.MVC", "depois\Item05\CasaDoCodigo\CasaDoCodigo.MVC.csproj", "{802C0D65-44AD-4767-BFAD-AE1FAE666EE1}"
EndProject
Project("{9A19103F-16F7-4668-BE54-9A1E7A4F7556}") = "CasaDoCodigo.IdentityServer", "depois\Item05\CasaDoCodigo.IdentityServer\CasaDoCodigo.IdentityServer.csproj", "{F75EDECF-BA87-4B10-BD78-814A8FA2C794}"
EndProject
Project("{9A19103F-16F7-4668-BE54-9A1E7A4F7556}") = "CasaDoCodigo.RelatorioWebAPI", "depois\Item05\CasaDoCodigo.RelatorioWebAPI\CasaDoCodigo.RelatorioWebAPI.csproj", "{CB1BA3C0-8502-4710-9496-8B91B88283DD}"
EndProject
Project("{2150E333-8FDC-42A3-9474-1A3956D46DE8}") = "Item06 - Configurando IdentityServer4 + WebAPI de Relatório", "Item06 - Configurando IdentityServer4 + WebAPI de Relatório", "{28581A2D-F812-4E1B-B72C-B2BAD8488B23}"
EndProject
Project("{9A19103F-16F7-4668-BE54-9A1E7A4F7556}") = "CasaDoCodigo.MVC", "depois\Item06\CasaDoCodigo\CasaDoCodigo.MVC.csproj", "{8091C0AE-B728-4181-A86F-CB7690A0C45F}"
EndProject
Project("{9A19103F-16F7-4668-BE54-9A1E7A4F7556}") = "CasaDoCodigo.IdentityServer", "depois\Item06\CasaDoCodigo.IdentityServer\CasaDoCodigo.IdentityServer.csproj", "{9117C25E-83F8-467D-9AA6-EE9E2294B125}"
EndProject
Project("{9A19103F-16F7-4668-BE54-9A1E7A4F7556}") = "CasaDoCodigo.RelatorioWebAPI", "depois\Item06\CasaDoCodigo.RelatorioWebAPI\CasaDoCodigo.RelatorioWebAPI.csproj", "{8C77E089-8E7D-44D7-839C-E6F7BAA5C24F}"
EndProject
Project("{2150E333-8FDC-42A3-9474-1A3956D46DE8}") = "Item07 - Extras", "Item07 - Extras", "{D5853D82-8458-456F-97DD-0988871E04B1}"
EndProject
Project("{9A19103F-16F7-4668-BE54-9A1E7A4F7556}") = "CasaDoCodigo.MVC", "depois\Item07\CasaDoCodigo\CasaDoCodigo.MVC.csproj", "{8EEF264A-F225-4E1F-9516-A0D77E501EFA}"
EndProject
Project("{9A19103F-16F7-4668-BE54-9A1E7A4F7556}") = "CasaDoCodigo.IdentityServer", "depois\Item07\CasaDoCodigo.IdentityServer\CasaDoCodigo.IdentityServer.csproj", "{76FE2383-FF0D-4003-805A-341AC2A2F611}"
EndProject
Project("{9A19103F-16F7-4668-BE54-9A1E7A4F7556}") = "CasaDoCodigo.RelatorioWebAPI", "depois\Item07\CasaDoCodigo.RelatorioWebAPI\CasaDoCodigo.RelatorioWebAPI.csproj", "{2E60D19D-E9A0-46AE-9D55-7819DD1BC013}"
EndProject
Project("{2150E333-8FDC-42A3-9474-1A3956D46DE8}") = "depois", "depois", "{4D69ABC0-0D6D-469C-A171-C6E9623EE6C5}"
EndProject
Project("{2150E333-8FDC-42A3-9474-1A3956D46DE8}") = "antes", "antes", "{9C02FA03-63F9-42F6-B58D-BDA7B8558485}"
EndProject
Project("{2150E333-8FDC-42A3-9474-1A3956D46DE8}") = "Item00 - O Projeto Inicial", "Item00 - O Projeto Inicial", "{F5411134-3E50-4AAE-BBDD-C66E072E59B4}"
EndProject
Project("{2150E333-8FDC-42A3-9474-1A3956D46DE8}") = "Item01 - Criando Web API de Relatório", "Item01 - Criando Web API de Relatório", "{7385F338-42FF-4F72-8409-F984205D01BC}"
EndProject
Project("{2150E333-8FDC-42A3-9474-1A3956D46DE8}") = "Item02 - Consumindo Web API de Relatório", "Item02 - Consumindo Web API de Relatório", "{26F59937-A32D-4ABB-ADBE-7FF9009757AD}"
EndProject
Project("{2150E333-8FDC-42A3-9474-1A3956D46DE8}") = "Item03 - Criando e Executando Projeto IdentityServer4", "Item03 - Criando e Executando Projeto IdentityServer4", "{A8EC1014-C945-4E12-B6F4-3FC9556FE120}"
EndProject
Project("{2150E333-8FDC-42A3-9474-1A3956D46DE8}") = "Item04 - Configurando IdentityServer + Cliente MVC", "Item04 - Configurando IdentityServer + Cliente MVC", "{7C5D4EFD-8133-4AF6-B094-C2674B72092B}"
EndProject
Project("{2150E333-8FDC-42A3-9474-1A3956D46DE8}") = "Item05 - Acessando Dados do Usuário", "Item05 - Acessando Dados do Usuário", "{14681E4F-4910-4488-9811-9DCF54208889}"
EndProject
Project("{9A19103F-16F7-4668-BE54-9A1E7A4F7556}") = "CasaDoCodigo.MVC", "antes\Item00\CasaDoCodigo\CasaDoCodigo.MVC.csproj", "{A29E17D0-F077-40BE-ACFD-DDEFF3CF254C}"
EndProject
Project("{9A19103F-16F7-4668-BE54-9A1E7A4F7556}") = "CasaDoCodigo.MVC", "antes\Item01\CasaDoCodigo\CasaDoCodigo.MVC.csproj", "{F3012B48-952C-4EFA-9D79-FE9ABDBC2B9C}"
EndProject
Project("{9A19103F-16F7-4668-BE54-9A1E7A4F7556}") = "CasaDoCodigo.MVC", "antes\Item02\CasaDoCodigo\CasaDoCodigo.MVC.csproj", "{78BDD47E-89CD-49E7-B6DD-73A1AE4DFA39}"
EndProject
Project("{9A19103F-16F7-4668-BE54-9A1E7A4F7556}") = "CasaDoCodigo.RelatorioWebAPI", "antes\Item02\CasaDoCodigo.RelatorioWebAPI\CasaDoCodigo.RelatorioWebAPI.csproj", "{F525979D-34C3-41C4-9527-DDAEDE05A602}"
EndProject
Project("{9A19103F-16F7-4668-BE54-9A1E7A4F7556}") = "CasaDoCodigo.MVC", "antes\Item03\CasaDoCodigo\CasaDoCodigo.MVC.csproj", "{A38AE92C-C152-4909-BB41-B06FB9EB7862}"
EndProject
Project("{9A19103F-16F7-4668-BE54-9A1E7A4F7556}") = "CasaDoCodigo.RelatorioWebAPI", "antes\Item03\CasaDoCodigo.RelatorioWebAPI\CasaDoCodigo.RelatorioWebAPI.csproj", "{FFCE55D2-3F28-4AD8-AC5F-19EBE5972B33}"
EndProject
Project("{9A19103F-16F7-4668-BE54-9A1E7A4F7556}") = "CasaDoCodigo.MVC", "antes\Item04\CasaDoCodigo\CasaDoCodigo.MVC.csproj", "{C173B501-F147-4291-8827-A8B62FFA1FB0}"
EndProject
Project("{9A19103F-16F7-4668-BE54-9A1E7A4F7556}") = "CasaDoCodigo.IdentityServer", "antes\Item04\CasaDoCodigo.IdentityServer\CasaDoCodigo.IdentityServer.csproj", "{8550BF69-8EE9-480F-85DF-F999439E2A61}"
EndProject
Project("{9A19103F-16F7-4668-BE54-9A1E7A4F7556}") = "CasaDoCodigo.RelatorioWebAPI", "antes\Item04\CasaDoCodigo.RelatorioWebAPI\CasaDoCodigo.RelatorioWebAPI.csproj", "{7EDCF817-0620-480D-AB2E-1AADA21646A7}"
EndProject
Project("{2150E333-8FDC-42A3-9474-1A3956D46DE8}") = "Item06 - Configurando IdentityServer4 + WebAPI de Relatório", "Item06 - Configurando IdentityServer4 + WebAPI de Relatório", "{A06B4A50-6909-428B-BE63-69BCBA22B57B}"
EndProject
Project("{9A19103F-16F7-4668-BE54-9A1E7A4F7556}") = "CasaDoCodigo.MVC", "antes\Item05\CasaDoCodigo\CasaDoCodigo.MVC.csproj", "{6FB57636-4E98-408F-ADCE-C850B6CD2F35}"
EndProject
Project("{9A19103F-16F7-4668-BE54-9A1E7A4F7556}") = "CasaDoCodigo.IdentityServer", "antes\Item05\CasaDoCodigo.IdentityServer\CasaDoCodigo.IdentityServer.csproj", "{6015234F-B5AE-48B4-8050-4E4CB7189728}"
EndProject
Project("{9A19103F-16F7-4668-BE54-9A1E7A4F7556}") = "CasaDoCodigo.RelatorioWebAPI", "antes\Item05\CasaDoCodigo.RelatorioWebAPI\CasaDoCodigo.RelatorioWebAPI.csproj", "{2593252B-1912-42CA-A4E5-C201A6D7EC44}"
EndProject
Project("{9A19103F-16F7-4668-BE54-9A1E7A4F7556}") = "CasaDoCodigo.MVC", "antes\Item06\CasaDoCodigo\CasaDoCodigo.MVC.csproj", "{01B1292C-06B4-4D39-B6FD-FDA348B748CC}"
EndProject
Project("{9A19103F-16F7-4668-BE54-9A1E7A4F7556}") = "CasaDoCodigo.IdentityServer", "antes\Item06\CasaDoCodigo.IdentityServer\CasaDoCodigo.IdentityServer.csproj", "{F2DDCA94-4183-442B-B721-809708FF9F60}"
EndProject
Project("{9A19103F-16F7-4668-BE54-9A1E7A4F7556}") = "CasaDoCodigo.RelatorioWebAPI", "antes\Item06\CasaDoCodigo.RelatorioWebAPI\CasaDoCodigo.RelatorioWebAPI.csproj", "{7232FBDB-AE6B-4D5C-B895-4CE3196D8CE4}"
EndProject
Project("{9A19103F-16F7-4668-BE54-9A1E7A4F7556}") = "RelatorioWebAPI", "antes\Item01\RelatorioWebAPI\RelatorioWebAPI.csproj", "{69859C7D-1BF6-4198-931C-9C6649F9A7BB}"
EndProject
Project("{9A19103F-16F7-4668-BE54-9A1E7A4F7556}") = "CasaDoCodigo.IdentityServer", "antes\Item03\CasaDoCodigo.IdentityServer\CasaDoCodigo.IdentityServer.csproj", "{F5721B55-D596-443D-9550-8350FC40F4D0}"
EndProject
Global
	GlobalSection(SolutionConfigurationPlatforms) = preSolution
		Debug|Any CPU = Debug|Any CPU
		Release|Any CPU = Release|Any CPU
	EndGlobalSection
	GlobalSection(ProjectConfigurationPlatforms) = postSolution
		{4B651F50-D0A2-49F9-95A5-92AE57F48B60}.Debug|Any CPU.ActiveCfg = Debug|Any CPU
		{4B651F50-D0A2-49F9-95A5-92AE57F48B60}.Debug|Any CPU.Build.0 = Debug|Any CPU
		{4B651F50-D0A2-49F9-95A5-92AE57F48B60}.Release|Any CPU.ActiveCfg = Release|Any CPU
		{4B651F50-D0A2-49F9-95A5-92AE57F48B60}.Release|Any CPU.Build.0 = Release|Any CPU
		{E5C38A01-83CD-4711-A9F7-D04F81196F05}.Debug|Any CPU.ActiveCfg = Debug|Any CPU
		{E5C38A01-83CD-4711-A9F7-D04F81196F05}.Debug|Any CPU.Build.0 = Debug|Any CPU
		{E5C38A01-83CD-4711-A9F7-D04F81196F05}.Release|Any CPU.ActiveCfg = Release|Any CPU
		{E5C38A01-83CD-4711-A9F7-D04F81196F05}.Release|Any CPU.Build.0 = Release|Any CPU
		{95869983-D15E-4CA3-AD7F-B4C59B44D203}.Debug|Any CPU.ActiveCfg = Debug|Any CPU
		{95869983-D15E-4CA3-AD7F-B4C59B44D203}.Debug|Any CPU.Build.0 = Debug|Any CPU
		{95869983-D15E-4CA3-AD7F-B4C59B44D203}.Release|Any CPU.ActiveCfg = Release|Any CPU
		{95869983-D15E-4CA3-AD7F-B4C59B44D203}.Release|Any CPU.Build.0 = Release|Any CPU
		{37B61B46-A00C-4F5F-A705-1113292B090C}.Debug|Any CPU.ActiveCfg = Debug|Any CPU
		{37B61B46-A00C-4F5F-A705-1113292B090C}.Debug|Any CPU.Build.0 = Debug|Any CPU
		{37B61B46-A00C-4F5F-A705-1113292B090C}.Release|Any CPU.ActiveCfg = Release|Any CPU
		{37B61B46-A00C-4F5F-A705-1113292B090C}.Release|Any CPU.Build.0 = Release|Any CPU
		{0A3220D1-F333-4B14-9C9B-D9554E5B8919}.Debug|Any CPU.ActiveCfg = Debug|Any CPU
		{0A3220D1-F333-4B14-9C9B-D9554E5B8919}.Debug|Any CPU.Build.0 = Debug|Any CPU
		{0A3220D1-F333-4B14-9C9B-D9554E5B8919}.Release|Any CPU.ActiveCfg = Release|Any CPU
		{0A3220D1-F333-4B14-9C9B-D9554E5B8919}.Release|Any CPU.Build.0 = Release|Any CPU
		{DDDDC501-5B52-4607-8CF9-EB37387D3A9F}.Debug|Any CPU.ActiveCfg = Debug|Any CPU
		{DDDDC501-5B52-4607-8CF9-EB37387D3A9F}.Debug|Any CPU.Build.0 = Debug|Any CPU
		{DDDDC501-5B52-4607-8CF9-EB37387D3A9F}.Release|Any CPU.ActiveCfg = Release|Any CPU
		{DDDDC501-5B52-4607-8CF9-EB37387D3A9F}.Release|Any CPU.Build.0 = Release|Any CPU
		{04AB4B2E-ABA0-41AB-9756-7F5C7B20A291}.Debug|Any CPU.ActiveCfg = Debug|Any CPU
		{04AB4B2E-ABA0-41AB-9756-7F5C7B20A291}.Debug|Any CPU.Build.0 = Debug|Any CPU
		{04AB4B2E-ABA0-41AB-9756-7F5C7B20A291}.Release|Any CPU.ActiveCfg = Release|Any CPU
		{04AB4B2E-ABA0-41AB-9756-7F5C7B20A291}.Release|Any CPU.Build.0 = Release|Any CPU
		{01279083-357B-486B-A59B-DF1547252700}.Debug|Any CPU.ActiveCfg = Debug|Any CPU
		{01279083-357B-486B-A59B-DF1547252700}.Debug|Any CPU.Build.0 = Debug|Any CPU
		{01279083-357B-486B-A59B-DF1547252700}.Release|Any CPU.ActiveCfg = Release|Any CPU
		{01279083-357B-486B-A59B-DF1547252700}.Release|Any CPU.Build.0 = Release|Any CPU
		{3094B713-FF64-49D2-B30D-2617F71ADC69}.Debug|Any CPU.ActiveCfg = Debug|Any CPU
		{3094B713-FF64-49D2-B30D-2617F71ADC69}.Debug|Any CPU.Build.0 = Debug|Any CPU
		{3094B713-FF64-49D2-B30D-2617F71ADC69}.Release|Any CPU.ActiveCfg = Release|Any CPU
		{3094B713-FF64-49D2-B30D-2617F71ADC69}.Release|Any CPU.Build.0 = Release|Any CPU
		{9E725899-ED8E-4181-A4A7-AE49FA9D499A}.Debug|Any CPU.ActiveCfg = Debug|Any CPU
		{9E725899-ED8E-4181-A4A7-AE49FA9D499A}.Debug|Any CPU.Build.0 = Debug|Any CPU
		{9E725899-ED8E-4181-A4A7-AE49FA9D499A}.Release|Any CPU.ActiveCfg = Release|Any CPU
		{9E725899-ED8E-4181-A4A7-AE49FA9D499A}.Release|Any CPU.Build.0 = Release|Any CPU
		{802C0D65-44AD-4767-BFAD-AE1FAE666EE1}.Debug|Any CPU.ActiveCfg = Debug|Any CPU
		{802C0D65-44AD-4767-BFAD-AE1FAE666EE1}.Debug|Any CPU.Build.0 = Debug|Any CPU
		{802C0D65-44AD-4767-BFAD-AE1FAE666EE1}.Release|Any CPU.ActiveCfg = Release|Any CPU
		{802C0D65-44AD-4767-BFAD-AE1FAE666EE1}.Release|Any CPU.Build.0 = Release|Any CPU
		{F75EDECF-BA87-4B10-BD78-814A8FA2C794}.Debug|Any CPU.ActiveCfg = Debug|Any CPU
		{F75EDECF-BA87-4B10-BD78-814A8FA2C794}.Debug|Any CPU.Build.0 = Debug|Any CPU
		{F75EDECF-BA87-4B10-BD78-814A8FA2C794}.Release|Any CPU.ActiveCfg = Release|Any CPU
		{F75EDECF-BA87-4B10-BD78-814A8FA2C794}.Release|Any CPU.Build.0 = Release|Any CPU
		{CB1BA3C0-8502-4710-9496-8B91B88283DD}.Debug|Any CPU.ActiveCfg = Debug|Any CPU
		{CB1BA3C0-8502-4710-9496-8B91B88283DD}.Debug|Any CPU.Build.0 = Debug|Any CPU
		{CB1BA3C0-8502-4710-9496-8B91B88283DD}.Release|Any CPU.ActiveCfg = Release|Any CPU
		{CB1BA3C0-8502-4710-9496-8B91B88283DD}.Release|Any CPU.Build.0 = Release|Any CPU
		{8091C0AE-B728-4181-A86F-CB7690A0C45F}.Debug|Any CPU.ActiveCfg = Debug|Any CPU
		{8091C0AE-B728-4181-A86F-CB7690A0C45F}.Debug|Any CPU.Build.0 = Debug|Any CPU
		{8091C0AE-B728-4181-A86F-CB7690A0C45F}.Release|Any CPU.ActiveCfg = Release|Any CPU
		{8091C0AE-B728-4181-A86F-CB7690A0C45F}.Release|Any CPU.Build.0 = Release|Any CPU
		{9117C25E-83F8-467D-9AA6-EE9E2294B125}.Debug|Any CPU.ActiveCfg = Debug|Any CPU
		{9117C25E-83F8-467D-9AA6-EE9E2294B125}.Debug|Any CPU.Build.0 = Debug|Any CPU
		{9117C25E-83F8-467D-9AA6-EE9E2294B125}.Release|Any CPU.ActiveCfg = Release|Any CPU
		{9117C25E-83F8-467D-9AA6-EE9E2294B125}.Release|Any CPU.Build.0 = Release|Any CPU
		{8C77E089-8E7D-44D7-839C-E6F7BAA5C24F}.Debug|Any CPU.ActiveCfg = Debug|Any CPU
		{8C77E089-8E7D-44D7-839C-E6F7BAA5C24F}.Debug|Any CPU.Build.0 = Debug|Any CPU
		{8C77E089-8E7D-44D7-839C-E6F7BAA5C24F}.Release|Any CPU.ActiveCfg = Release|Any CPU
		{8C77E089-8E7D-44D7-839C-E6F7BAA5C24F}.Release|Any CPU.Build.0 = Release|Any CPU
		{8EEF264A-F225-4E1F-9516-A0D77E501EFA}.Debug|Any CPU.ActiveCfg = Debug|Any CPU
		{8EEF264A-F225-4E1F-9516-A0D77E501EFA}.Debug|Any CPU.Build.0 = Debug|Any CPU
		{8EEF264A-F225-4E1F-9516-A0D77E501EFA}.Release|Any CPU.ActiveCfg = Release|Any CPU
		{8EEF264A-F225-4E1F-9516-A0D77E501EFA}.Release|Any CPU.Build.0 = Release|Any CPU
		{76FE2383-FF0D-4003-805A-341AC2A2F611}.Debug|Any CPU.ActiveCfg = Debug|Any CPU
		{76FE2383-FF0D-4003-805A-341AC2A2F611}.Debug|Any CPU.Build.0 = Debug|Any CPU
		{76FE2383-FF0D-4003-805A-341AC2A2F611}.Release|Any CPU.ActiveCfg = Release|Any CPU
		{76FE2383-FF0D-4003-805A-341AC2A2F611}.Release|Any CPU.Build.0 = Release|Any CPU
		{2E60D19D-E9A0-46AE-9D55-7819DD1BC013}.Debug|Any CPU.ActiveCfg = Debug|Any CPU
		{2E60D19D-E9A0-46AE-9D55-7819DD1BC013}.Debug|Any CPU.Build.0 = Debug|Any CPU
		{2E60D19D-E9A0-46AE-9D55-7819DD1BC013}.Release|Any CPU.ActiveCfg = Release|Any CPU
		{2E60D19D-E9A0-46AE-9D55-7819DD1BC013}.Release|Any CPU.Build.0 = Release|Any CPU
		{A29E17D0-F077-40BE-ACFD-DDEFF3CF254C}.Debug|Any CPU.ActiveCfg = Debug|Any CPU
		{A29E17D0-F077-40BE-ACFD-DDEFF3CF254C}.Debug|Any CPU.Build.0 = Debug|Any CPU
		{A29E17D0-F077-40BE-ACFD-DDEFF3CF254C}.Release|Any CPU.ActiveCfg = Release|Any CPU
		{A29E17D0-F077-40BE-ACFD-DDEFF3CF254C}.Release|Any CPU.Build.0 = Release|Any CPU
		{F3012B48-952C-4EFA-9D79-FE9ABDBC2B9C}.Debug|Any CPU.ActiveCfg = Debug|Any CPU
		{F3012B48-952C-4EFA-9D79-FE9ABDBC2B9C}.Debug|Any CPU.Build.0 = Debug|Any CPU
		{F3012B48-952C-4EFA-9D79-FE9ABDBC2B9C}.Release|Any CPU.ActiveCfg = Release|Any CPU
		{F3012B48-952C-4EFA-9D79-FE9ABDBC2B9C}.Release|Any CPU.Build.0 = Release|Any CPU
		{78BDD47E-89CD-49E7-B6DD-73A1AE4DFA39}.Debug|Any CPU.ActiveCfg = Debug|Any CPU
		{78BDD47E-89CD-49E7-B6DD-73A1AE4DFA39}.Debug|Any CPU.Build.0 = Debug|Any CPU
		{78BDD47E-89CD-49E7-B6DD-73A1AE4DFA39}.Release|Any CPU.ActiveCfg = Release|Any CPU
		{78BDD47E-89CD-49E7-B6DD-73A1AE4DFA39}.Release|Any CPU.Build.0 = Release|Any CPU
		{F525979D-34C3-41C4-9527-DDAEDE05A602}.Debug|Any CPU.ActiveCfg = Debug|Any CPU
		{F525979D-34C3-41C4-9527-DDAEDE05A602}.Debug|Any CPU.Build.0 = Debug|Any CPU
		{F525979D-34C3-41C4-9527-DDAEDE05A602}.Release|Any CPU.ActiveCfg = Release|Any CPU
		{F525979D-34C3-41C4-9527-DDAEDE05A602}.Release|Any CPU.Build.0 = Release|Any CPU
		{A38AE92C-C152-4909-BB41-B06FB9EB7862}.Debug|Any CPU.ActiveCfg = Debug|Any CPU
		{A38AE92C-C152-4909-BB41-B06FB9EB7862}.Debug|Any CPU.Build.0 = Debug|Any CPU
		{A38AE92C-C152-4909-BB41-B06FB9EB7862}.Release|Any CPU.ActiveCfg = Release|Any CPU
		{A38AE92C-C152-4909-BB41-B06FB9EB7862}.Release|Any CPU.Build.0 = Release|Any CPU
		{FFCE55D2-3F28-4AD8-AC5F-19EBE5972B33}.Debug|Any CPU.ActiveCfg = Debug|Any CPU
		{FFCE55D2-3F28-4AD8-AC5F-19EBE5972B33}.Debug|Any CPU.Build.0 = Debug|Any CPU
		{FFCE55D2-3F28-4AD8-AC5F-19EBE5972B33}.Release|Any CPU.ActiveCfg = Release|Any CPU
		{FFCE55D2-3F28-4AD8-AC5F-19EBE5972B33}.Release|Any CPU.Build.0 = Release|Any CPU
		{C173B501-F147-4291-8827-A8B62FFA1FB0}.Debug|Any CPU.ActiveCfg = Debug|Any CPU
		{C173B501-F147-4291-8827-A8B62FFA1FB0}.Debug|Any CPU.Build.0 = Debug|Any CPU
		{C173B501-F147-4291-8827-A8B62FFA1FB0}.Release|Any CPU.ActiveCfg = Release|Any CPU
		{C173B501-F147-4291-8827-A8B62FFA1FB0}.Release|Any CPU.Build.0 = Release|Any CPU
		{8550BF69-8EE9-480F-85DF-F999439E2A61}.Debug|Any CPU.ActiveCfg = Debug|Any CPU
		{8550BF69-8EE9-480F-85DF-F999439E2A61}.Debug|Any CPU.Build.0 = Debug|Any CPU
		{8550BF69-8EE9-480F-85DF-F999439E2A61}.Release|Any CPU.ActiveCfg = Release|Any CPU
		{8550BF69-8EE9-480F-85DF-F999439E2A61}.Release|Any CPU.Build.0 = Release|Any CPU
		{7EDCF817-0620-480D-AB2E-1AADA21646A7}.Debug|Any CPU.ActiveCfg = Debug|Any CPU
		{7EDCF817-0620-480D-AB2E-1AADA21646A7}.Debug|Any CPU.Build.0 = Debug|Any CPU
		{7EDCF817-0620-480D-AB2E-1AADA21646A7}.Release|Any CPU.ActiveCfg = Release|Any CPU
		{7EDCF817-0620-480D-AB2E-1AADA21646A7}.Release|Any CPU.Build.0 = Release|Any CPU
		{6FB57636-4E98-408F-ADCE-C850B6CD2F35}.Debug|Any CPU.ActiveCfg = Debug|Any CPU
		{6FB57636-4E98-408F-ADCE-C850B6CD2F35}.Debug|Any CPU.Build.0 = Debug|Any CPU
		{6FB57636-4E98-408F-ADCE-C850B6CD2F35}.Release|Any CPU.ActiveCfg = Release|Any CPU
		{6FB57636-4E98-408F-ADCE-C850B6CD2F35}.Release|Any CPU.Build.0 = Release|Any CPU
		{6015234F-B5AE-48B4-8050-4E4CB7189728}.Debug|Any CPU.ActiveCfg = Debug|Any CPU
		{6015234F-B5AE-48B4-8050-4E4CB7189728}.Debug|Any CPU.Build.0 = Debug|Any CPU
		{6015234F-B5AE-48B4-8050-4E4CB7189728}.Release|Any CPU.ActiveCfg = Release|Any CPU
		{6015234F-B5AE-48B4-8050-4E4CB7189728}.Release|Any CPU.Build.0 = Release|Any CPU
		{2593252B-1912-42CA-A4E5-C201A6D7EC44}.Debug|Any CPU.ActiveCfg = Debug|Any CPU
		{2593252B-1912-42CA-A4E5-C201A6D7EC44}.Debug|Any CPU.Build.0 = Debug|Any CPU
		{2593252B-1912-42CA-A4E5-C201A6D7EC44}.Release|Any CPU.ActiveCfg = Release|Any CPU
		{2593252B-1912-42CA-A4E5-C201A6D7EC44}.Release|Any CPU.Build.0 = Release|Any CPU
		{01B1292C-06B4-4D39-B6FD-FDA348B748CC}.Debug|Any CPU.ActiveCfg = Debug|Any CPU
		{01B1292C-06B4-4D39-B6FD-FDA348B748CC}.Debug|Any CPU.Build.0 = Debug|Any CPU
		{01B1292C-06B4-4D39-B6FD-FDA348B748CC}.Release|Any CPU.ActiveCfg = Release|Any CPU
		{01B1292C-06B4-4D39-B6FD-FDA348B748CC}.Release|Any CPU.Build.0 = Release|Any CPU
		{F2DDCA94-4183-442B-B721-809708FF9F60}.Debug|Any CPU.ActiveCfg = Debug|Any CPU
		{F2DDCA94-4183-442B-B721-809708FF9F60}.Debug|Any CPU.Build.0 = Debug|Any CPU
		{F2DDCA94-4183-442B-B721-809708FF9F60}.Release|Any CPU.ActiveCfg = Release|Any CPU
		{F2DDCA94-4183-442B-B721-809708FF9F60}.Release|Any CPU.Build.0 = Release|Any CPU
		{7232FBDB-AE6B-4D5C-B895-4CE3196D8CE4}.Debug|Any CPU.ActiveCfg = Debug|Any CPU
		{7232FBDB-AE6B-4D5C-B895-4CE3196D8CE4}.Debug|Any CPU.Build.0 = Debug|Any CPU
		{7232FBDB-AE6B-4D5C-B895-4CE3196D8CE4}.Release|Any CPU.ActiveCfg = Release|Any CPU
		{7232FBDB-AE6B-4D5C-B895-4CE3196D8CE4}.Release|Any CPU.Build.0 = Release|Any CPU
		{69859C7D-1BF6-4198-931C-9C6649F9A7BB}.Debug|Any CPU.ActiveCfg = Debug|Any CPU
		{69859C7D-1BF6-4198-931C-9C6649F9A7BB}.Debug|Any CPU.Build.0 = Debug|Any CPU
		{69859C7D-1BF6-4198-931C-9C6649F9A7BB}.Release|Any CPU.ActiveCfg = Release|Any CPU
		{69859C7D-1BF6-4198-931C-9C6649F9A7BB}.Release|Any CPU.Build.0 = Release|Any CPU
		{F5721B55-D596-443D-9550-8350FC40F4D0}.Debug|Any CPU.ActiveCfg = Debug|Any CPU
		{F5721B55-D596-443D-9550-8350FC40F4D0}.Debug|Any CPU.Build.0 = Debug|Any CPU
		{F5721B55-D596-443D-9550-8350FC40F4D0}.Release|Any CPU.ActiveCfg = Release|Any CPU
		{F5721B55-D596-443D-9550-8350FC40F4D0}.Release|Any CPU.Build.0 = Release|Any CPU
	EndGlobalSection
	GlobalSection(SolutionProperties) = preSolution
		HideSolutionNode = FALSE
	EndGlobalSection
	GlobalSection(NestedProjects) = preSolution
		{89428584-1848-4595-8429-B24EDC7BA556} = {4D69ABC0-0D6D-469C-A171-C6E9623EE6C5}
		{4B651F50-D0A2-49F9-95A5-92AE57F48B60} = {89428584-1848-4595-8429-B24EDC7BA556}
		{E5C38A01-83CD-4711-A9F7-D04F81196F05} = {89428584-1848-4595-8429-B24EDC7BA556}
		{BD35912A-15A1-4359-B260-900E27FBAF35} = {4D69ABC0-0D6D-469C-A171-C6E9623EE6C5}
		{95869983-D15E-4CA3-AD7F-B4C59B44D203} = {BD35912A-15A1-4359-B260-900E27FBAF35}
		{37B61B46-A00C-4F5F-A705-1113292B090C} = {BD35912A-15A1-4359-B260-900E27FBAF35}
		{1011935B-1B39-45C6-8C87-18269C37A573} = {4D69ABC0-0D6D-469C-A171-C6E9623EE6C5}
		{0A3220D1-F333-4B14-9C9B-D9554E5B8919} = {1011935B-1B39-45C6-8C87-18269C37A573}
		{DDDDC501-5B52-4607-8CF9-EB37387D3A9F} = {1011935B-1B39-45C6-8C87-18269C37A573}
		{04AB4B2E-ABA0-41AB-9756-7F5C7B20A291} = {1011935B-1B39-45C6-8C87-18269C37A573}
		{87CE4367-779E-4EBE-BE68-0ADB72E6A84E} = {4D69ABC0-0D6D-469C-A171-C6E9623EE6C5}
		{01279083-357B-486B-A59B-DF1547252700} = {87CE4367-779E-4EBE-BE68-0ADB72E6A84E}
		{3094B713-FF64-49D2-B30D-2617F71ADC69} = {87CE4367-779E-4EBE-BE68-0ADB72E6A84E}
		{9E725899-ED8E-4181-A4A7-AE49FA9D499A} = {87CE4367-779E-4EBE-BE68-0ADB72E6A84E}
		{F8A010CA-5B2E-4527-A75B-EEFC3E92412A} = {4D69ABC0-0D6D-469C-A171-C6E9623EE6C5}
		{802C0D65-44AD-4767-BFAD-AE1FAE666EE1} = {F8A010CA-5B2E-4527-A75B-EEFC3E92412A}
		{F75EDECF-BA87-4B10-BD78-814A8FA2C794} = {F8A010CA-5B2E-4527-A75B-EEFC3E92412A}
		{CB1BA3C0-8502-4710-9496-8B91B88283DD} = {F8A010CA-5B2E-4527-A75B-EEFC3E92412A}
		{28581A2D-F812-4E1B-B72C-B2BAD8488B23} = {4D69ABC0-0D6D-469C-A171-C6E9623EE6C5}
		{8091C0AE-B728-4181-A86F-CB7690A0C45F} = {28581A2D-F812-4E1B-B72C-B2BAD8488B23}
		{9117C25E-83F8-467D-9AA6-EE9E2294B125} = {28581A2D-F812-4E1B-B72C-B2BAD8488B23}
		{8C77E089-8E7D-44D7-839C-E6F7BAA5C24F} = {28581A2D-F812-4E1B-B72C-B2BAD8488B23}
		{D5853D82-8458-456F-97DD-0988871E04B1} = {4D69ABC0-0D6D-469C-A171-C6E9623EE6C5}
		{8EEF264A-F225-4E1F-9516-A0D77E501EFA} = {D5853D82-8458-456F-97DD-0988871E04B1}
		{76FE2383-FF0D-4003-805A-341AC2A2F611} = {D5853D82-8458-456F-97DD-0988871E04B1}
		{2E60D19D-E9A0-46AE-9D55-7819DD1BC013} = {D5853D82-8458-456F-97DD-0988871E04B1}
		{F5411134-3E50-4AAE-BBDD-C66E072E59B4} = {9C02FA03-63F9-42F6-B58D-BDA7B8558485}
		{7385F338-42FF-4F72-8409-F984205D01BC} = {9C02FA03-63F9-42F6-B58D-BDA7B8558485}
		{26F59937-A32D-4ABB-ADBE-7FF9009757AD} = {9C02FA03-63F9-42F6-B58D-BDA7B8558485}
		{A8EC1014-C945-4E12-B6F4-3FC9556FE120} = {9C02FA03-63F9-42F6-B58D-BDA7B8558485}
		{7C5D4EFD-8133-4AF6-B094-C2674B72092B} = {9C02FA03-63F9-42F6-B58D-BDA7B8558485}
		{14681E4F-4910-4488-9811-9DCF54208889} = {9C02FA03-63F9-42F6-B58D-BDA7B8558485}
		{A29E17D0-F077-40BE-ACFD-DDEFF3CF254C} = {F5411134-3E50-4AAE-BBDD-C66E072E59B4}
		{F3012B48-952C-4EFA-9D79-FE9ABDBC2B9C} = {7385F338-42FF-4F72-8409-F984205D01BC}
		{78BDD47E-89CD-49E7-B6DD-73A1AE4DFA39} = {26F59937-A32D-4ABB-ADBE-7FF9009757AD}
		{F525979D-34C3-41C4-9527-DDAEDE05A602} = {26F59937-A32D-4ABB-ADBE-7FF9009757AD}
		{A38AE92C-C152-4909-BB41-B06FB9EB7862} = {A8EC1014-C945-4E12-B6F4-3FC9556FE120}
		{FFCE55D2-3F28-4AD8-AC5F-19EBE5972B33} = {A8EC1014-C945-4E12-B6F4-3FC9556FE120}
		{C173B501-F147-4291-8827-A8B62FFA1FB0} = {7C5D4EFD-8133-4AF6-B094-C2674B72092B}
		{8550BF69-8EE9-480F-85DF-F999439E2A61} = {7C5D4EFD-8133-4AF6-B094-C2674B72092B}
		{7EDCF817-0620-480D-AB2E-1AADA21646A7} = {7C5D4EFD-8133-4AF6-B094-C2674B72092B}
		{A06B4A50-6909-428B-BE63-69BCBA22B57B} = {9C02FA03-63F9-42F6-B58D-BDA7B8558485}
		{6FB57636-4E98-408F-ADCE-C850B6CD2F35} = {14681E4F-4910-4488-9811-9DCF54208889}
		{6015234F-B5AE-48B4-8050-4E4CB7189728} = {14681E4F-4910-4488-9811-9DCF54208889}
		{2593252B-1912-42CA-A4E5-C201A6D7EC44} = {14681E4F-4910-4488-9811-9DCF54208889}
		{01B1292C-06B4-4D39-B6FD-FDA348B748CC} = {A06B4A50-6909-428B-BE63-69BCBA22B57B}
		{F2DDCA94-4183-442B-B721-809708FF9F60} = {A06B4A50-6909-428B-BE63-69BCBA22B57B}
		{7232FBDB-AE6B-4D5C-B895-4CE3196D8CE4} = {A06B4A50-6909-428B-BE63-69BCBA22B57B}
		{69859C7D-1BF6-4198-931C-9C6649F9A7BB} = {7385F338-42FF-4F72-8409-F984205D01BC}
		{F5721B55-D596-443D-9550-8350FC40F4D0} = {A8EC1014-C945-4E12-B6F4-3FC9556FE120}
	EndGlobalSection
	GlobalSection(ExtensibilityGlobals) = postSolution
		SolutionGuid = {398437CA-EB7F-4F16-ACEE-7A7D1534AD08}
	EndGlobalSection
EndGlobal
