
Microsoft Visual Studio Solution File, Format Version 12.00
# Visual Studio Version 16
VisualStudioVersion = 16.0.29201.188
MinimumVisualStudioVersion = 10.0.40219.1
Project("{2150E333-8FDC-42A3-9474-1A3956D46DE8}") = "Item00 - O Projeto Inicial", "Item00 - O Projeto Inicial", "{F27E3D4C-1B88-402F-AAE3-BF748893E5C2}"
EndProject
Project("{2150E333-8FDC-42A3-9474-1A3956D46DE8}") = "antes", "antes", "{2F2F89E2-CFC6-4EF5-AE9C-05C8CD83B583}"
EndProject
Project("{2150E333-8FDC-42A3-9474-1A3956D46DE8}") = "depois", "depois", "{CC13E489-513D-4155-915C-C70EFF9145A2}"
EndProject
Project("{9A19103F-16F7-4668-BE54-9A1E7A4F7556}") = "CasaDoCodigo.MVC", "antes\Item00\CasaDoCodigo\CasaDoCodigo.MVC.csproj", "{D0A5009F-F25C-4373-9685-1E952247E68C}"
EndProject
Project("{2150E333-8FDC-42A3-9474-1A3956D46DE8}") = "Item01 - Areas", "Item01 - Areas", "{E8A57AD4-E8E3-4DD3-B79B-DE0636FB2E20}"
EndProject
Project("{2150E333-8FDC-42A3-9474-1A3956D46DE8}") = "Item01 - Areas", "Item01 - Areas", "{1B5590D6-232C-4156-9987-E0010B5993A9}"
EndProject
Project("{9A19103F-16F7-4668-BE54-9A1E7A4F7556}") = "CasaDoCodigo.MVC", "antes\Item01\CasaDoCodigo\CasaDoCodigo.MVC.csproj", "{F9C877D4-F90E-47BA-BB6F-7CC1B048CCF0}"
EndProject
Project("{9A19103F-16F7-4668-BE54-9A1E7A4F7556}") = "CasaDoCodigo.MVC", "depois\Item01\CasaDoCodigo\CasaDoCodigo.MVC.csproj", "{31A07007-FD31-4507-B7AB-D5B11ED78782}"
EndProject
Project("{2150E333-8FDC-42A3-9474-1A3956D46DE8}") = "Item02 - Partial Views", "Item02 - Partial Views", "{99E93D36-1D78-4BB0-952B-F603C168D96F}"
EndProject
Project("{2150E333-8FDC-42A3-9474-1A3956D46DE8}") = "Item02 - Partial Views", "Item02 - Partial Views", "{71CBEA99-09FB-48A1-91A3-C570E1545853}"
EndProject
Project("{9A19103F-16F7-4668-BE54-9A1E7A4F7556}") = "CasaDoCodigo.MVC", "antes\Item02\CasaDoCodigo\CasaDoCodigo.MVC.csproj", "{ECC406CE-1887-494A-A607-6302A08E05A6}"
EndProject
Project("{9A19103F-16F7-4668-BE54-9A1E7A4F7556}") = "CasaDoCodigo.MVC", "depois\Item02\CasaDoCodigo\CasaDoCodigo.MVC.csproj", "{6A8F61F1-4B59-4873-9408-C51A44B47C6F}"
EndProject
Project("{2150E333-8FDC-42A3-9474-1A3956D46DE8}") = "Item03 - View Components", "Item03 - View Components", "{706BE77E-A12D-4992-B963-AD7E247D4133}"
EndProject
Project("{9A19103F-16F7-4668-BE54-9A1E7A4F7556}") = "CasaDoCodigo.MVC", "depois\Item03\CasaDoCodigo\CasaDoCodigo.MVC.csproj", "{A3C3272B-FA03-4BFE-B2B7-9A10E4D04CFD}"
EndProject
Project("{2150E333-8FDC-42A3-9474-1A3956D46DE8}") = "Item04 - Isolando Contextos", "Item04 - Isolando Contextos", "{AAECD717-6F67-40B2-81D4-9C71A80A5B4E}"
EndProject
Project("{9A19103F-16F7-4668-BE54-9A1E7A4F7556}") = "CasaDoCodigo.MVC", "depois\Item04\CasaDoCodigo\CasaDoCodigo.MVC.csproj", "{E050D7A1-FEAA-4631-9C88-D72746345138}"
EndProject
Project("{2150E333-8FDC-42A3-9474-1A3956D46DE8}") = "Item05 - Modelos Delimitados", "Item05 - Modelos Delimitados", "{D2DB22B9-7165-44DE-B6B8-9DF18C1F2C95}"
EndProject
Project("{9A19103F-16F7-4668-BE54-9A1E7A4F7556}") = "CasaDoCodigo.MVC", "depois\Item05\CasaDoCodigo\CasaDoCodigo.MVC.csproj", "{F6332E2F-BFB6-45C2-A074-B31CA0AC7EE1}"
EndProject
Project("{2150E333-8FDC-42A3-9474-1A3956D46DE8}") = "Item03 - View Components", "Item03 - View Components", "{D7DAD114-A99A-4DB9-A9F4-4BE2D5483B72}"
EndProject
Project("{2150E333-8FDC-42A3-9474-1A3956D46DE8}") = "Item04 - Isolando Contextos", "Item04 - Isolando Contextos", "{7F5801FE-72B6-4C32-841B-9138DF98DDBA}"
EndProject
Project("{2150E333-8FDC-42A3-9474-1A3956D46DE8}") = "Item05 - Modelos Delimitados", "Item05 - Modelos Delimitados", "{79DC6A50-0147-4A1B-84A2-30886E1CD06D}"
EndProject
Project("{9A19103F-16F7-4668-BE54-9A1E7A4F7556}") = "CasaDoCodigo.MVC", "antes\Item05\CasaDoCodigo\CasaDoCodigo.MVC.csproj", "{8068396D-6E44-407D-B1C4-E02E82F40653}"
EndProject
Project("{9A19103F-16F7-4668-BE54-9A1E7A4F7556}") = "CasaDoCodigo.MVC", "antes\Item04\CasaDoCodigo\CasaDoCodigo.MVC.csproj", "{04820A55-AB04-4723-B39A-0DCFFC752EC8}"
EndProject
Project("{9A19103F-16F7-4668-BE54-9A1E7A4F7556}") = "CasaDoCodigo.MVC", "antes\Item03\CasaDoCodigo\CasaDoCodigo.MVC.csproj", "{0BEB391F-D915-4EFD-8A76-EA26215F5A99}"
EndProject
Global
	GlobalSection(SolutionConfigurationPlatforms) = preSolution
		Debug|Any CPU = Debug|Any CPU
		Release|Any CPU = Release|Any CPU
	EndGlobalSection
	GlobalSection(ProjectConfigurationPlatforms) = postSolution
		{D0A5009F-F25C-4373-9685-1E952247E68C}.Debug|Any CPU.ActiveCfg = Debug|Any CPU
		{D0A5009F-F25C-4373-9685-1E952247E68C}.Debug|Any CPU.Build.0 = Debug|Any CPU
		{D0A5009F-F25C-4373-9685-1E952247E68C}.Release|Any CPU.ActiveCfg = Release|Any CPU
		{D0A5009F-F25C-4373-9685-1E952247E68C}.Release|Any CPU.Build.0 = Release|Any CPU
		{F9C877D4-F90E-47BA-BB6F-7CC1B048CCF0}.Debug|Any CPU.ActiveCfg = Debug|Any CPU
		{F9C877D4-F90E-47BA-BB6F-7CC1B048CCF0}.Debug|Any CPU.Build.0 = Debug|Any CPU
		{F9C877D4-F90E-47BA-BB6F-7CC1B048CCF0}.Release|Any CPU.ActiveCfg = Release|Any CPU
		{F9C877D4-F90E-47BA-BB6F-7CC1B048CCF0}.Release|Any CPU.Build.0 = Release|Any CPU
		{31A07007-FD31-4507-B7AB-D5B11ED78782}.Debug|Any CPU.ActiveCfg = Debug|Any CPU
		{31A07007-FD31-4507-B7AB-D5B11ED78782}.Debug|Any CPU.Build.0 = Debug|Any CPU
		{31A07007-FD31-4507-B7AB-D5B11ED78782}.Release|Any CPU.ActiveCfg = Release|Any CPU
		{31A07007-FD31-4507-B7AB-D5B11ED78782}.Release|Any CPU.Build.0 = Release|Any CPU
		{ECC406CE-1887-494A-A607-6302A08E05A6}.Debug|Any CPU.ActiveCfg = Debug|Any CPU
		{ECC406CE-1887-494A-A607-6302A08E05A6}.Debug|Any CPU.Build.0 = Debug|Any CPU
		{ECC406CE-1887-494A-A607-6302A08E05A6}.Release|Any CPU.ActiveCfg = Release|Any CPU
		{ECC406CE-1887-494A-A607-6302A08E05A6}.Release|Any CPU.Build.0 = Release|Any CPU
		{6A8F61F1-4B59-4873-9408-C51A44B47C6F}.Debug|Any CPU.ActiveCfg = Debug|Any CPU
		{6A8F61F1-4B59-4873-9408-C51A44B47C6F}.Debug|Any CPU.Build.0 = Debug|Any CPU
		{6A8F61F1-4B59-4873-9408-C51A44B47C6F}.Release|Any CPU.ActiveCfg = Release|Any CPU
		{6A8F61F1-4B59-4873-9408-C51A44B47C6F}.Release|Any CPU.Build.0 = Release|Any CPU
		{A3C3272B-FA03-4BFE-B2B7-9A10E4D04CFD}.Debug|Any CPU.ActiveCfg = Debug|Any CPU
		{A3C3272B-FA03-4BFE-B2B7-9A10E4D04CFD}.Debug|Any CPU.Build.0 = Debug|Any CPU
		{A3C3272B-FA03-4BFE-B2B7-9A10E4D04CFD}.Release|Any CPU.ActiveCfg = Release|Any CPU
		{A3C3272B-FA03-4BFE-B2B7-9A10E4D04CFD}.Release|Any CPU.Build.0 = Release|Any CPU
		{E050D7A1-FEAA-4631-9C88-D72746345138}.Debug|Any CPU.ActiveCfg = Debug|Any CPU
		{E050D7A1-FEAA-4631-9C88-D72746345138}.Debug|Any CPU.Build.0 = Debug|Any CPU
		{E050D7A1-FEAA-4631-9C88-D72746345138}.Release|Any CPU.ActiveCfg = Release|Any CPU
		{E050D7A1-FEAA-4631-9C88-D72746345138}.Release|Any CPU.Build.0 = Release|Any CPU
		{F6332E2F-BFB6-45C2-A074-B31CA0AC7EE1}.Debug|Any CPU.ActiveCfg = Debug|Any CPU
		{F6332E2F-BFB6-45C2-A074-B31CA0AC7EE1}.Debug|Any CPU.Build.0 = Debug|Any CPU
		{F6332E2F-BFB6-45C2-A074-B31CA0AC7EE1}.Release|Any CPU.ActiveCfg = Release|Any CPU
		{F6332E2F-BFB6-45C2-A074-B31CA0AC7EE1}.Release|Any CPU.Build.0 = Release|Any CPU
		{8068396D-6E44-407D-B1C4-E02E82F40653}.Debug|Any CPU.ActiveCfg = Debug|Any CPU
		{8068396D-6E44-407D-B1C4-E02E82F40653}.Debug|Any CPU.Build.0 = Debug|Any CPU
		{8068396D-6E44-407D-B1C4-E02E82F40653}.Release|Any CPU.ActiveCfg = Release|Any CPU
		{8068396D-6E44-407D-B1C4-E02E82F40653}.Release|Any CPU.Build.0 = Release|Any CPU
		{04820A55-AB04-4723-B39A-0DCFFC752EC8}.Debug|Any CPU.ActiveCfg = Debug|Any CPU
		{04820A55-AB04-4723-B39A-0DCFFC752EC8}.Debug|Any CPU.Build.0 = Debug|Any CPU
		{04820A55-AB04-4723-B39A-0DCFFC752EC8}.Release|Any CPU.ActiveCfg = Release|Any CPU
		{04820A55-AB04-4723-B39A-0DCFFC752EC8}.Release|Any CPU.Build.0 = Release|Any CPU
		{0BEB391F-D915-4EFD-8A76-EA26215F5A99}.Debug|Any CPU.ActiveCfg = Debug|Any CPU
		{0BEB391F-D915-4EFD-8A76-EA26215F5A99}.Debug|Any CPU.Build.0 = Debug|Any CPU
		{0BEB391F-D915-4EFD-8A76-EA26215F5A99}.Release|Any CPU.ActiveCfg = Release|Any CPU
		{0BEB391F-D915-4EFD-8A76-EA26215F5A99}.Release|Any CPU.Build.0 = Release|Any CPU
	EndGlobalSection
	GlobalSection(SolutionProperties) = preSolution
		HideSolutionNode = FALSE
	EndGlobalSection
	GlobalSection(NestedProjects) = preSolution
		{F27E3D4C-1B88-402F-AAE3-BF748893E5C2} = {2F2F89E2-CFC6-4EF5-AE9C-05C8CD83B583}
		{D0A5009F-F25C-4373-9685-1E952247E68C} = {F27E3D4C-1B88-402F-AAE3-BF748893E5C2}
		{E8A57AD4-E8E3-4DD3-B79B-DE0636FB2E20} = {2F2F89E2-CFC6-4EF5-AE9C-05C8CD83B583}
		{1B5590D6-232C-4156-9987-E0010B5993A9} = {CC13E489-513D-4155-915C-C70EFF9145A2}
		{F9C877D4-F90E-47BA-BB6F-7CC1B048CCF0} = {E8A57AD4-E8E3-4DD3-B79B-DE0636FB2E20}
		{31A07007-FD31-4507-B7AB-D5B11ED78782} = {1B5590D6-232C-4156-9987-E0010B5993A9}
		{99E93D36-1D78-4BB0-952B-F603C168D96F} = {2F2F89E2-CFC6-4EF5-AE9C-05C8CD83B583}
		{71CBEA99-09FB-48A1-91A3-C570E1545853} = {CC13E489-513D-4155-915C-C70EFF9145A2}
		{ECC406CE-1887-494A-A607-6302A08E05A6} = {99E93D36-1D78-4BB0-952B-F603C168D96F}
		{6A8F61F1-4B59-4873-9408-C51A44B47C6F} = {71CBEA99-09FB-48A1-91A3-C570E1545853}
		{706BE77E-A12D-4992-B963-AD7E247D4133} = {CC13E489-513D-4155-915C-C70EFF9145A2}
		{A3C3272B-FA03-4BFE-B2B7-9A10E4D04CFD} = {706BE77E-A12D-4992-B963-AD7E247D4133}
		{AAECD717-6F67-40B2-81D4-9C71A80A5B4E} = {CC13E489-513D-4155-915C-C70EFF9145A2}
		{E050D7A1-FEAA-4631-9C88-D72746345138} = {AAECD717-6F67-40B2-81D4-9C71A80A5B4E}
		{D2DB22B9-7165-44DE-B6B8-9DF18C1F2C95} = {CC13E489-513D-4155-915C-C70EFF9145A2}
		{F6332E2F-BFB6-45C2-A074-B31CA0AC7EE1} = {D2DB22B9-7165-44DE-B6B8-9DF18C1F2C95}
		{D7DAD114-A99A-4DB9-A9F4-4BE2D5483B72} = {2F2F89E2-CFC6-4EF5-AE9C-05C8CD83B583}
		{7F5801FE-72B6-4C32-841B-9138DF98DDBA} = {2F2F89E2-CFC6-4EF5-AE9C-05C8CD83B583}
		{79DC6A50-0147-4A1B-84A2-30886E1CD06D} = {2F2F89E2-CFC6-4EF5-AE9C-05C8CD83B583}
		{8068396D-6E44-407D-B1C4-E02E82F40653} = {79DC6A50-0147-4A1B-84A2-30886E1CD06D}
		{04820A55-AB04-4723-B39A-0DCFFC752EC8} = {7F5801FE-72B6-4C32-841B-9138DF98DDBA}
		{0BEB391F-D915-4EFD-8A76-EA26215F5A99} = {D7DAD114-A99A-4DB9-A9F4-4BE2D5483B72}
	EndGlobalSection
	GlobalSection(ExtensibilityGlobals) = postSolution
		SolutionGuid = {398437CA-EB7F-4F16-ACEE-7A7D1534AD08}
	EndGlobalSection
EndGlobal
