
Microsoft Visual Studio Solution File, Format Version 12.00
# Visual Studio Version 16
VisualStudioVersion = 16.0.29102.190
MinimumVisualStudioVersion = 10.0.40219.1
Project("{FAE04EC0-301F-11D3-BF4B-00C04F79EFBC}") = "ByteBank.SistemaInterno", "ByteBank.SistemaInterno\ByteBank.SistemaInterno.csproj", "{21B271FB-E899-4742-9703-ECA8FE9B0310}"
EndProject
Global
	GlobalSection(SolutionConfigurationPlatforms) = preSolution
		Debug|Any CPU = Debug|Any CPU
		Release|Any CPU = Release|Any CPU
	EndGlobalSection
	GlobalSection(ProjectConfigurationPlatforms) = postSolution
		{21B271FB-E899-4742-9703-ECA8FE9B0310}.Debug|Any CPU.ActiveCfg = Debug|Any CPU
		{21B271FB-E899-4742-9703-ECA8FE9B0310}.Debug|Any CPU.Build.0 = Debug|Any CPU
		{21B271FB-E899-4742-9703-ECA8FE9B0310}.Release|Any CPU.ActiveCfg = Release|Any CPU
		{21B271FB-E899-4742-9703-ECA8FE9B0310}.Release|Any CPU.Build.0 = Release|Any CPU
	EndGlobalSection
	GlobalSection(SolutionProperties) = preSolution
		HideSolutionNode = FALSE
	EndGlobalSection
	GlobalSection(ExtensibilityGlobals) = postSolution
		SolutionGuid = {827D0862-9C94-4420-BFD6-B85B8D4DB1FC}
	EndGlobalSection
EndGlobal
